
Microsoft Visual Studio Solution File, Format Version 12.00
# Visual Studio Version 17
VisualStudioVersion = 17.5.33530.505
MinimumVisualStudioVersion = 10.0.40219.1
Project("{FAE04EC0-301F-11D3-BF4B-00C04F79EFBC}") = "aulaNove", "aulaNove\aulaNove.csproj", "{808DDF46-3DB1-4C43-B46A-B2BEC7406FCD}"
EndProject
Project("{2150E333-8FDC-42A3-9474-1A3956D46DE8}") = "Itens de Solução", "Itens de Solução", "{463F36C0-2E34-4226-8B4F-6EA89DACD92D}"
EndProject
Global
	GlobalSection(SolutionConfigurationPlatforms) = preSolution
		Debug|Any CPU = Debug|Any CPU
		Release|Any CPU = Release|Any CPU
	EndGlobalSection
	GlobalSection(ProjectConfigurationPlatforms) = postSolution
		{808DDF46-3DB1-4C43-B46A-B2BEC7406FCD}.Debug|Any CPU.ActiveCfg = Debug|Any CPU
		{808DDF46-3DB1-4C43-B46A-B2BEC7406FCD}.Debug|Any CPU.Build.0 = Debug|Any CPU
		{808DDF46-3DB1-4C43-B46A-B2BEC7406FCD}.Release|Any CPU.ActiveCfg = Release|Any CPU
		{808DDF46-3DB1-4C43-B46A-B2BEC7406FCD}.Release|Any CPU.Build.0 = Release|Any CPU
	EndGlobalSection
	GlobalSection(SolutionProperties) = preSolution
		HideSolutionNode = FALSE
	EndGlobalSection
	GlobalSection(ExtensibilityGlobals) = postSolution
		SolutionGuid = {3528FAF5-15BD-46D9-BFC3-F5CF20D181FD}
	EndGlobalSection
EndGlobal
